
Microsoft Visual Studio Solution File, Format Version 12.00
# Visual Studio Version 17
VisualStudioVersion = 17.1.32210.238
MinimumVisualStudioVersion = 10.0.40219.1
Project("{FAE04EC0-301F-11D3-BF4B-00C04F79EFBC}") = "AddressBookContact", "AddressBookContact\AddressBookContact.csproj", "{7EFE2924-EC0B-4824-8DE0-16D513C052A7}"
EndProject
Global
	GlobalSection(SolutionConfigurationPlatforms) = preSolution
		Debug|Any CPU = Debug|Any CPU
		Release|Any CPU = Release|Any CPU
	EndGlobalSection
	GlobalSection(ProjectConfigurationPlatforms) = postSolution
		{7EFE2924-EC0B-4824-8DE0-16D513C052A7}.Debug|Any CPU.ActiveCfg = Debug|Any CPU
		{7EFE2924-EC0B-4824-8DE0-16D513C052A7}.Debug|Any CPU.Build.0 = Debug|Any CPU
		{7EFE2924-EC0B-4824-8DE0-16D513C052A7}.Release|Any CPU.ActiveCfg = Release|Any CPU
		{7EFE2924-EC0B-4824-8DE0-16D513C052A7}.Release|Any CPU.Build.0 = Release|Any CPU
	EndGlobalSection
	GlobalSection(SolutionProperties) = preSolution
		HideSolutionNode = FALSE
	EndGlobalSection
	GlobalSection(ExtensibilityGlobals) = postSolution
		SolutionGuid = {D57E02A6-42D6-4A15-8D54-9DE3248E98EA}
	EndGlobalSection
EndGlobal
